
Microsoft Visual Studio Solution File, Format Version 12.00
# Visual Studio 14
VisualStudioVersion = 14.0.25420.1
MinimumVisualStudioVersion = 10.0.40219.1
Project("{2150E333-8FDC-42A3-9474-1A3956D46DE8}") = "src", "src", "{C4B8920A-DDBF-4657-A7F1-38CCF518260D}"
EndProject
Project("{2150E333-8FDC-42A3-9474-1A3956D46DE8}") = "Solution Items", "Solution Items", "{DC6711E9-C261-4D69-9699-B21F4C213A47}"
	ProjectSection(SolutionItems) = preProject
		global.json = global.json
	EndProjectSection
EndProject
Project("{8BB2217D-0F2D-49D1-97BC-3654ED321F3B}") = "RMAS", "src\RMAS\RMAS.xproj", "{5974D91F-2DD2-4ED0-83AA-AF0769058B51}"
EndProject
Global
	GlobalSection(SolutionConfigurationPlatforms) = preSolution
		Debug|Any CPU = Debug|Any CPU
		Release|Any CPU = Release|Any CPU
	EndGlobalSection
	GlobalSection(ProjectConfigurationPlatforms) = postSolution
		{5974D91F-2DD2-4ED0-83AA-AF0769058B51}.Debug|Any CPU.ActiveCfg = Debug|Any CPU
		{5974D91F-2DD2-4ED0-83AA-AF0769058B51}.Debug|Any CPU.Build.0 = Debug|Any CPU
		{5974D91F-2DD2-4ED0-83AA-AF0769058B51}.Release|Any CPU.ActiveCfg = Release|Any CPU
		{5974D91F-2DD2-4ED0-83AA-AF0769058B51}.Release|Any CPU.Build.0 = Release|Any CPU
	EndGlobalSection
	GlobalSection(SolutionProperties) = preSolution
		HideSolutionNode = FALSE
	EndGlobalSection
	GlobalSection(NestedProjects) = preSolution
		{5974D91F-2DD2-4ED0-83AA-AF0769058B51} = {C4B8920A-DDBF-4657-A7F1-38CCF518260D}
	EndGlobalSection
EndGlobal
